
Microsoft Visual Studio Solution File, Format Version 12.00
# Visual Studio Version 17
VisualStudioVersion = 17.8.34525.116
MinimumVisualStudioVersion = 10.0.40219.1
Project("{FAE04EC0-301F-11D3-BF4B-00C04F79EFBC}") = "BaseLibrary", "BaseLibrary\BaseLibrary.csproj", "{48FBC237-E2F9-4A3E-B124-66E94113C0AB}"
EndProject
Project("{FAE04EC0-301F-11D3-BF4B-00C04F79EFBC}") = "Client", "Client\Client.csproj", "{8C7B232C-A25C-4C6D-968C-F74D83196175}"
EndProject
Project("{FAE04EC0-301F-11D3-BF4B-00C04F79EFBC}") = "ClientLibrary", "ClientLibrary\ClientLibrary.csproj", "{D6FC5943-DF6D-4889-B0D5-BA147458B416}"
EndProject
Project("{FAE04EC0-301F-11D3-BF4B-00C04F79EFBC}") = "Server", "Server\Server.csproj", "{9B26B507-4504-4F8C-A260-BBCEF48679DC}"
EndProject
Project("{FAE04EC0-301F-11D3-BF4B-00C04F79EFBC}") = "ServerLibrary", "ServerLibrary\ServerLibrary.csproj", "{898D8BDF-2D5E-43FF-A907-19A37B13E65D}"
EndProject
Global
	GlobalSection(SolutionConfigurationPlatforms) = preSolution
		Debug|Any CPU = Debug|Any CPU
		Release|Any CPU = Release|Any CPU
	EndGlobalSection
	GlobalSection(ProjectConfigurationPlatforms) = postSolution
		{48FBC237-E2F9-4A3E-B124-66E94113C0AB}.Debug|Any CPU.ActiveCfg = Debug|Any CPU
		{48FBC237-E2F9-4A3E-B124-66E94113C0AB}.Debug|Any CPU.Build.0 = Debug|Any CPU
		{48FBC237-E2F9-4A3E-B124-66E94113C0AB}.Release|Any CPU.ActiveCfg = Release|Any CPU
		{48FBC237-E2F9-4A3E-B124-66E94113C0AB}.Release|Any CPU.Build.0 = Release|Any CPU
		{8C7B232C-A25C-4C6D-968C-F74D83196175}.Debug|Any CPU.ActiveCfg = Debug|Any CPU
		{8C7B232C-A25C-4C6D-968C-F74D83196175}.Debug|Any CPU.Build.0 = Debug|Any CPU
		{8C7B232C-A25C-4C6D-968C-F74D83196175}.Release|Any CPU.ActiveCfg = Release|Any CPU
		{8C7B232C-A25C-4C6D-968C-F74D83196175}.Release|Any CPU.Build.0 = Release|Any CPU
		{D6FC5943-DF6D-4889-B0D5-BA147458B416}.Debug|Any CPU.ActiveCfg = Debug|Any CPU
		{D6FC5943-DF6D-4889-B0D5-BA147458B416}.Debug|Any CPU.Build.0 = Debug|Any CPU
		{D6FC5943-DF6D-4889-B0D5-BA147458B416}.Release|Any CPU.ActiveCfg = Release|Any CPU
		{D6FC5943-DF6D-4889-B0D5-BA147458B416}.Release|Any CPU.Build.0 = Release|Any CPU
		{9B26B507-4504-4F8C-A260-BBCEF48679DC}.Debug|Any CPU.ActiveCfg = Debug|Any CPU
		{9B26B507-4504-4F8C-A260-BBCEF48679DC}.Debug|Any CPU.Build.0 = Debug|Any CPU
		{9B26B507-4504-4F8C-A260-BBCEF48679DC}.Release|Any CPU.ActiveCfg = Release|Any CPU
		{9B26B507-4504-4F8C-A260-BBCEF48679DC}.Release|Any CPU.Build.0 = Release|Any CPU
		{898D8BDF-2D5E-43FF-A907-19A37B13E65D}.Debug|Any CPU.ActiveCfg = Debug|Any CPU
		{898D8BDF-2D5E-43FF-A907-19A37B13E65D}.Debug|Any CPU.Build.0 = Debug|Any CPU
		{898D8BDF-2D5E-43FF-A907-19A37B13E65D}.Release|Any CPU.ActiveCfg = Release|Any CPU
		{898D8BDF-2D5E-43FF-A907-19A37B13E65D}.Release|Any CPU.Build.0 = Release|Any CPU
	EndGlobalSection
	GlobalSection(SolutionProperties) = preSolution
		HideSolutionNode = FALSE
	EndGlobalSection
	GlobalSection(ExtensibilityGlobals) = postSolution
		SolutionGuid = {F889A9E0-E433-49F1-A73C-9D45C634616B}
	EndGlobalSection
EndGlobal
